
Microsoft Visual Studio Solution File, Format Version 12.00
# Visual Studio Version 17
VisualStudioVersion = 17.3.32929.385
MinimumVisualStudioVersion = 10.0.40219.1
Project("{F184B08F-C81C-45F6-A57F-5ABD9991F28F}") = "FinalProjek", "FinalProjek.vbproj", "{1C2A81B4-95A4-47D5-B007-DAC3319F2AB1}"
EndProject
Global
	GlobalSection(SolutionConfigurationPlatforms) = preSolution
		Debug|Any CPU = Debug|Any CPU
		Debug|x64 = Debug|x64
		Release|Any CPU = Release|Any CPU
		Release|x64 = Release|x64
	EndGlobalSection
	GlobalSection(ProjectConfigurationPlatforms) = postSolution
		{1C2A81B4-95A4-47D5-B007-DAC3319F2AB1}.Debug|Any CPU.ActiveCfg = Debug|Any CPU
		{1C2A81B4-95A4-47D5-B007-DAC3319F2AB1}.Debug|Any CPU.Build.0 = Debug|Any CPU
		{1C2A81B4-95A4-47D5-B007-DAC3319F2AB1}.Debug|x64.ActiveCfg = Debug|x64
		{1C2A81B4-95A4-47D5-B007-DAC3319F2AB1}.Debug|x64.Build.0 = Debug|x64
		{1C2A81B4-95A4-47D5-B007-DAC3319F2AB1}.Release|Any CPU.ActiveCfg = Release|Any CPU
		{1C2A81B4-95A4-47D5-B007-DAC3319F2AB1}.Release|Any CPU.Build.0 = Release|Any CPU
		{1C2A81B4-95A4-47D5-B007-DAC3319F2AB1}.Release|x64.ActiveCfg = Release|x64
		{1C2A81B4-95A4-47D5-B007-DAC3319F2AB1}.Release|x64.Build.0 = Release|x64
	EndGlobalSection
	GlobalSection(SolutionProperties) = preSolution
		HideSolutionNode = FALSE
	EndGlobalSection
	GlobalSection(ExtensibilityGlobals) = postSolution
		SolutionGuid = {226FCA0E-75AA-4239-8C79-2DBEBE568F6E}
	EndGlobalSection
EndGlobal
